
Microsoft Visual Studio Solution File, Format Version 12.00
# Visual Studio Version 17
VisualStudioVersion = 17.7.34024.191
MinimumVisualStudioVersion = 10.0.40219.1
Project("{54A90642-561A-4BB1-A94E-469ADEE60C69}") = "CharacterCreator2", "CharacterCreator2.esproj", "{0F6F33DC-F605-4413-85AD-9AB6144E0720}"
EndProject
Global
	GlobalSection(SolutionConfigurationPlatforms) = preSolution
		Debug|Any CPU = Debug|Any CPU
		Release|Any CPU = Release|Any CPU
	EndGlobalSection
	GlobalSection(ProjectConfigurationPlatforms) = postSolution
		{0F6F33DC-F605-4413-85AD-9AB6144E0720}.Debug|Any CPU.ActiveCfg = Debug|Any CPU
		{0F6F33DC-F605-4413-85AD-9AB6144E0720}.Debug|Any CPU.Build.0 = Debug|Any CPU
		{0F6F33DC-F605-4413-85AD-9AB6144E0720}.Debug|Any CPU.Deploy.0 = Debug|Any CPU
		{0F6F33DC-F605-4413-85AD-9AB6144E0720}.Release|Any CPU.ActiveCfg = Release|Any CPU
		{0F6F33DC-F605-4413-85AD-9AB6144E0720}.Release|Any CPU.Build.0 = Release|Any CPU
		{0F6F33DC-F605-4413-85AD-9AB6144E0720}.Release|Any CPU.Deploy.0 = Release|Any CPU
	EndGlobalSection
	GlobalSection(SolutionProperties) = preSolution
		HideSolutionNode = FALSE
	EndGlobalSection
	GlobalSection(ExtensibilityGlobals) = postSolution
		SolutionGuid = {393D8706-A0D3-461E-8B6C-5F822997F59D}
	EndGlobalSection
EndGlobal
